
Microsoft Visual Studio Solution File, Format Version 12.00
# Visual Studio Version 17
VisualStudioVersion = 17.3.32811.315
MinimumVisualStudioVersion = 10.0.40219.1
Project("{FAE04EC0-301F-11D3-BF4B-00C04F79EFBC}") = "DAY28_AddressBook_From_CSV_JSON", "DAY28_AddressBook_From_CSV_JSON\DAY28_AddressBook_From_CSV_JSON.csproj", "{B4280D51-7725-46CD-9629-4B76A3465E9E}"
EndProject
Global
	GlobalSection(SolutionConfigurationPlatforms) = preSolution
		Debug|Any CPU = Debug|Any CPU
		Release|Any CPU = Release|Any CPU
	EndGlobalSection
	GlobalSection(ProjectConfigurationPlatforms) = postSolution
		{B4280D51-7725-46CD-9629-4B76A3465E9E}.Debug|Any CPU.ActiveCfg = Debug|Any CPU
		{B4280D51-7725-46CD-9629-4B76A3465E9E}.Debug|Any CPU.Build.0 = Debug|Any CPU
		{B4280D51-7725-46CD-9629-4B76A3465E9E}.Release|Any CPU.ActiveCfg = Release|Any CPU
		{B4280D51-7725-46CD-9629-4B76A3465E9E}.Release|Any CPU.Build.0 = Release|Any CPU
	EndGlobalSection
	GlobalSection(SolutionProperties) = preSolution
		HideSolutionNode = FALSE
	EndGlobalSection
	GlobalSection(ExtensibilityGlobals) = postSolution
		SolutionGuid = {83F0B262-F9FF-4F6E-9BA9-5EC258B5F3BA}
	EndGlobalSection
EndGlobal
